{
  "lockfileVersion": 1,
  "workspaces": {
    "": {
      "name": "hep2gig",
      "dependencies": {
        "@duckdb/node-api": "^1.2.2-alpha.18",
        "axios": "^1.8.4",
        "hep-js": "^1.0.22",
        "parsip": "^1.0.7",
      },
    },
  },
  "packages": {
    "@duckdb/node-api": ["@duckdb/node-api@1.2.2-alpha.19", "", { "dependencies": { "@duckdb/node-bindings": "1.2.2-alpha.19" } }, "sha512-qH/PqK+Kp7TDZJU5SdS9+2jrYOJGHME4NcDsgrcbZk7fKTlXsDI8f8F0CnPxGCsBD35B+BEgphz9TTLoj1/vNA=="],

    "@duckdb/node-bindings": ["@duckdb/node-bindings@1.2.2-alpha.19", "", { "optionalDependencies": { "@duckdb/node-bindings-darwin-arm64": "1.2.2-alpha.19", "@duckdb/node-bindings-darwin-x64": "1.2.2-alpha.19", "@duckdb/node-bindings-linux-arm64": "1.2.2-alpha.19", "@duckdb/node-bindings-linux-x64": "1.2.2-alpha.19", "@duckdb/node-bindings-win32-x64": "1.2.2-alpha.19" } }, "sha512-EZpUPCPNJaQVmI3jWa/SIrs7lV9SJYS5a1bV3SRSQ6ZBJYFMrr2Mik2RjCVepA9cIwD2KIrXaWV7jiSVM29zJA=="],

    "@duckdb/node-bindings-darwin-arm64": ["@duckdb/node-bindings-darwin-arm64@1.2.2-alpha.19", "", { "os": "darwin", "cpu": "arm64" }, "sha512-r+MDv7XFxl4eCZEthmHWV2mxnczUFVc+w2cH0KzdTWmCgtjT3jpDhEulDekOG9SP9lFvfsTRTRgKatE2TTqu6w=="],

    "@duckdb/node-bindings-darwin-x64": ["@duckdb/node-bindings-darwin-x64@1.2.2-alpha.19", "", { "os": "darwin", "cpu": "x64" }, "sha512-WibHtKNQVDFr8AQumML9HLdgkYIRiC0B+MSrLvfojcrYmupoHB0Nwyn/T2UoTXNnTsn3NOrZECHUZGwRFmmF9g=="],

    "@duckdb/node-bindings-linux-arm64": ["@duckdb/node-bindings-linux-arm64@1.2.2-alpha.19", "", { "os": "linux", "cpu": "arm64" }, "sha512-TfQ/k4YMAsDFpI5Y/nvA7yXs7KqzKsOZX4XzCyqWdfNPDQvheW+wRCxJVUE8kWqniMep62EkvbuX94yFtTZb8A=="],

    "@duckdb/node-bindings-linux-x64": ["@duckdb/node-bindings-linux-x64@1.2.2-alpha.19", "", { "os": "linux", "cpu": "x64" }, "sha512-KDGD50H/sA/HWZFVuZhZTVZEKB3N8+ZPhHxxPs67p46WNm/fiQ6/FlaLasQ/gEmOY+I3bWcwjrba4h6LhFXnAQ=="],

    "@duckdb/node-bindings-win32-x64": ["@duckdb/node-bindings-win32-x64@1.2.2-alpha.19", "", { "os": "win32", "cpu": "x64" }, "sha512-jsHu/tORVBfJ6QQ02c1vVKEJM6aVSNwwmFtd1G7n9HGjJeE1Wclewpfp3k7R7qU9vxtQtHoAMHeTVsnC2d3ymQ=="],

    "asynckit": ["asynckit@0.4.0", "", {}, "sha512-Oei9OH4tRh0YqU3GxhX79dM/mwVgvbZJaSNaRk+bshkj0S5cfHcgYakreBjrHwatXKbz+IoIdYLxrKim2MjW0Q=="],

    "axios": ["axios@1.10.0", "", { "dependencies": { "follow-redirects": "^1.15.6", "form-data": "^4.0.0", "proxy-from-env": "^1.1.0" } }, "sha512-/1xYAC4MP/HEG+3duIhFr4ZQXR4sQXOIe+o6sdqzeykGLx6Upp/1p8MHqhINOvGeP7xyNHe7tsiJByc4SSVUxw=="],

    "binary-parser": ["binary-parser@1.9.2", "", { "dependencies": { "fast-text-encoding": "^1.0.3" } }, "sha512-aQvTapiRIV/x7bAaR2KT3Ptyjff4R8i1zxljgw/Je2kUt0babNPUdtuo7AKN4CWklyzPK4u5e99Z9/3Ib03u9w=="],

    "call-bind-apply-helpers": ["call-bind-apply-helpers@1.0.2", "", { "dependencies": { "es-errors": "^1.3.0", "function-bind": "^1.1.2" } }, "sha512-Sp1ablJ0ivDkSzjcaJdxEunN5/XvksFJ2sMBFfq6x0ryhQV/2b/KwFe21cMpmHtPOSij8K99/wSfoEuTObmuMQ=="],

    "combined-stream": ["combined-stream@1.0.8", "", { "dependencies": { "delayed-stream": "~1.0.0" } }, "sha512-FQN4MRfuJeHf7cBbBMJFXhKSDq+2kAArBlmRBvcvFE5BB1HZKXtSFASDhdlz9zOYwxh8lDdnvmMOe/+5cdoEdg=="],

    "debug": ["debug@4.4.1", "", { "dependencies": { "ms": "^2.1.3" } }, "sha512-KcKCqiftBJcZr++7ykoDIEwSa3XWowTfNPo92BYxjXiyYEVrUQh2aLyhxBCwww+heortUFxEJYcRzosstTEBYQ=="],

    "delayed-stream": ["delayed-stream@1.0.0", "", {}, "sha512-ZySD7Nf91aLB0RxL4KGrKHBXl7Eds1DAmEdcoVawXnLD7SDhpNgtuII2aAkg7a7QS41jxPSZ17p4VdGnMHk3MQ=="],

    "dunder-proto": ["dunder-proto@1.0.1", "", { "dependencies": { "call-bind-apply-helpers": "^1.0.1", "es-errors": "^1.3.0", "gopd": "^1.2.0" } }, "sha512-KIN/nDJBQRcXw0MLVhZE9iQHmG68qAVIBg9CqmUYjmQIhgij9U5MFvrqkUL5FbtyyzZuOeOt0zdeRe4UY7ct+A=="],

    "es-define-property": ["es-define-property@1.0.1", "", {}, "sha512-e3nRfgfUZ4rNGL232gUgX06QNyyez04KdjFrF+LTRoOXmrOgFKDg4BCdsjW8EnT69eqdYGmRpJwiPVYNrCaW3g=="],

    "es-errors": ["es-errors@1.3.0", "", {}, "sha512-Zf5H2Kxt2xjTvbJvP2ZWLEICxA6j+hAmMzIlypy4xcBg1vKVnx89Wy0GbS+kf5cwCVFFzdCFh2XSCFNULS6csw=="],

    "es-object-atoms": ["es-object-atoms@1.1.1", "", { "dependencies": { "es-errors": "^1.3.0" } }, "sha512-FGgH2h8zKNim9ljj7dankFPcICIK9Cp5bm+c2gQSYePhpaG5+esrLODihIorn+Pe6FGJzWhXQotPv73jTaldXA=="],

    "es-set-tostringtag": ["es-set-tostringtag@2.1.0", "", { "dependencies": { "es-errors": "^1.3.0", "get-intrinsic": "^1.2.6", "has-tostringtag": "^1.0.2", "hasown": "^2.0.2" } }, "sha512-j6vWzfrGVfyXxge+O0x5sh6cvxAog0a/4Rdd2K36zCMV5eJ+/+tOAngRO8cODMNWbVRdVlmGZQL2YS3yR8bIUA=="],

    "fast-text-encoding": ["fast-text-encoding@1.0.6", "", {}, "sha512-VhXlQgj9ioXCqGstD37E/HBeqEGV/qOD/kmbVG8h5xKBYvM1L3lR1Zn4555cQ8GkYbJa8aJSipLPndE1k6zK2w=="],

    "follow-redirects": ["follow-redirects@1.15.9", "", {}, "sha512-gew4GsXizNgdoRyqmyfMHyAmXsZDk6mHkSxZFCzW9gwlbtOW44CDtYavM+y+72qD/Vq2l550kMF52DT8fOLJqQ=="],

    "form-data": ["form-data@4.0.3", "", { "dependencies": { "asynckit": "^0.4.0", "combined-stream": "^1.0.8", "es-set-tostringtag": "^2.1.0", "hasown": "^2.0.2", "mime-types": "^2.1.12" } }, "sha512-qsITQPfmvMOSAdeyZ+12I1c+CKSstAFAwu+97zrnWAbIr5u8wfsExUzCesVLC8NgHuRUqNN4Zy6UPWUTRGslcA=="],

    "function-bind": ["function-bind@1.1.2", "", {}, "sha512-7XHNxH7qX9xG5mIwxkhumTox/MIRNcOgDrxWsMt2pAr23WHp6MrRlN7FBSFpCpr+oVO0F744iUgR82nJMfG2SA=="],

    "get-intrinsic": ["get-intrinsic@1.3.0", "", { "dependencies": { "call-bind-apply-helpers": "^1.0.2", "es-define-property": "^1.0.1", "es-errors": "^1.3.0", "es-object-atoms": "^1.1.1", "function-bind": "^1.1.2", "get-proto": "^1.0.1", "gopd": "^1.2.0", "has-symbols": "^1.1.0", "hasown": "^2.0.2", "math-intrinsics": "^1.1.0" } }, "sha512-9fSjSaos/fRIVIp+xSJlE6lfwhES7LNtKaCBIamHsjr2na1BiABJPo0mOjjz8GJDURarmCPGqaiVg5mfjb98CQ=="],

    "get-proto": ["get-proto@1.0.1", "", { "dependencies": { "dunder-proto": "^1.0.1", "es-object-atoms": "^1.0.0" } }, "sha512-sTSfBjoXBp89JvIKIefqw7U2CCebsc74kiY6awiGogKtoSGbgjYE/G/+l9sF3MWFPNc9IcoOC4ODfKHfxFmp0g=="],

    "gopd": ["gopd@1.2.0", "", {}, "sha512-ZUKRh6/kUFoAiTAtTYPZJ3hw9wNxx+BIBOijnlG9PnrJsCcSjs1wyyD6vJpaYtgnzDrKYRSqf3OO6Rfa93xsRg=="],

    "has-symbols": ["has-symbols@1.1.0", "", {}, "sha512-1cDNdwJ2Jaohmb3sg4OmKaMBwuC48sYni5HUw2DvsC8LjGTLK9h+eb1X6RyuOHe4hT0ULCW68iomhjUoKUqlPQ=="],

    "has-tostringtag": ["has-tostringtag@1.0.2", "", { "dependencies": { "has-symbols": "^1.0.3" } }, "sha512-NqADB8VjPFLM2V0VvHUewwwsw0ZWBaIdgo+ieHtK3hasLz4qeCRjYcqfB6AQrBggRKppKF8L52/VqdVsO47Dlw=="],

    "hasown": ["hasown@2.0.2", "", { "dependencies": { "function-bind": "^1.1.2" } }, "sha512-0hJU9SCPvmMzIBdZFqNPXWa6dqh7WdH0cII9y+CyS8rG3nL48Bclra9HmKhVVUHyPWNH5Y7xDwAB7bfgSjkUMQ=="],

    "hep-js": ["hep-js@1.0.22", "", { "dependencies": { "binary-parser": "^1.3.2", "mixin-deep": "^2.0.1" } }, "sha512-o5VQpr50FLFjJlFIEaq0voYMItHVWUEASnGyVf7bWxV1Ew9agFFEtSjeMDVby1UJEHf2RZkpnferGHPIP6QGDA=="],

    "jwt-decode": ["jwt-decode@4.0.0", "", {}, "sha512-+KJGIyHgkGuIq3IEBNftfhW/LfWhXUIY6OmyVWjliu5KH1y0fw7VQ8YndE2O4qZdMSd9SqbnC8GOcZEy0Om7sA=="],

    "math-intrinsics": ["math-intrinsics@1.1.0", "", {}, "sha512-/IXtbwEk5HTPyEwyKX6hGkYXxM9nbj64B+ilVJnC/R6B0pH5G4V3b0pVbL7DBj4tkhBAppbQUlf6F6Xl9LHu1g=="],

    "mime-db": ["mime-db@1.52.0", "", {}, "sha512-sPU4uV7dYlvtWJxwwxHD0PuihVNiE7TyAbQ5SWxDCB9mUYvOgroQOwYQQOKPJ8CIbE+1ETVlOoK1UC2nU3gYvg=="],

    "mime-types": ["mime-types@2.1.35", "", { "dependencies": { "mime-db": "1.52.0" } }, "sha512-ZDY+bPm5zTTF+YpCrAU9nK0UgICYPT0QtT1NZWFv4s++TNkcgVaT0g6+4R2uI4MjQjzysHB1zxuWL50hzaeXiw=="],

    "mixin-deep": ["mixin-deep@2.0.1", "", {}, "sha512-imbHQNRglyaplMmjBLL3V5R6Bfq5oM+ivds3SKgc6oRtzErEnBUUc5No11Z2pilkUvl42gJvi285xTNswcKCMA=="],

    "ms": ["ms@2.1.3", "", {}, "sha512-6FlzubTLZG3J2a/NVCAleEhjzq5oxgHyaCU9yYXvcLsvoVaHJq/s5xXI6/XXP6tz7R9xAOtHnSO/tXtF3WRTlA=="],

    "parsip": ["parsip@1.0.7", "", { "dependencies": { "debug": "^4.3.4", "jwt-decode": "^4.0.0", "sdp-transform": "^2.4.0" } }, "sha512-XFIQaFKVu1vMBYF36mQRn08Ns8RYW+D2NQZqqxDE5ju7CQp5OItmL+g4fxCHW57PV3uvPkck/9aX9A5IVZfIgg=="],

    "proxy-from-env": ["proxy-from-env@1.1.0", "", {}, "sha512-D+zkORCbA9f1tdWRK0RaCR3GPv50cMxcrz4X8k5LTSUD1Dkw47mKJEZQNunItRTkWwgtaUSo1RVFRIG9ZXiFYg=="],

    "sdp-transform": ["sdp-transform@2.15.0", "", { "bin": { "sdp-verify": "checker.js" } }, "sha512-KrOH82c/W+GYQ0LHqtr3caRpM3ITglq3ljGUIb8LTki7ByacJZ9z+piSGiwZDsRyhQbYBOBJgr2k6X4BZXi3Kw=="],
  }
}
